
Microsoft Visual Studio Solution File, Format Version 12.00
# Visual Studio 14
VisualStudioVersion = 14.0.24720.0
MinimumVisualStudioVersion = 10.0.40219.1
Project("{262852C6-CD72-467D-83FE-5EEB1973A190}") = "BasicSample", "BasicSample\BasicSample.jsproj", "{30BF3CCE-05D1-4CF1-9946-5AF953EC9477}"
EndProject
Project("{262852C6-CD72-467D-83FE-5EEB1973A190}") = "NewsReader", "NewsReader\NewsReader.jsproj", "{A1D99F83-5803-402A-9604-9B1B93C05048}"
EndProject
Project("{262852C6-CD72-467D-83FE-5EEB1973A190}") = "TypescriptSample", "TypescriptSample\TypescriptSample.jsproj", "{A0F0DD94-D932-4F14-9CA3-A5503B63E4D7}"
EndProject
Global
	GlobalSection(SolutionConfigurationPlatforms) = preSolution
		Debug|Android = Debug|Android
		Debug|iOS = Debug|iOS
		Debug|Windows Phone (Universal) = Debug|Windows Phone (Universal)
		Debug|Windows Phone 8 = Debug|Windows Phone 8
		Debug|Windows-AnyCPU = Debug|Windows-AnyCPU
		Debug|Windows-ARM = Debug|Windows-ARM
		Debug|Windows-x64 = Debug|Windows-x64
		Debug|Windows-x86 = Debug|Windows-x86
		Release|Android = Release|Android
		Release|iOS = Release|iOS
		Release|Windows Phone (Universal) = Release|Windows Phone (Universal)
		Release|Windows Phone 8 = Release|Windows Phone 8
		Release|Windows-AnyCPU = Release|Windows-AnyCPU
		Release|Windows-ARM = Release|Windows-ARM
		Release|Windows-x64 = Release|Windows-x64
		Release|Windows-x86 = Release|Windows-x86
	EndGlobalSection
	GlobalSection(ProjectConfigurationPlatforms) = postSolution
		{30BF3CCE-05D1-4CF1-9946-5AF953EC9477}.Debug|Android.ActiveCfg = Debug|Android
		{30BF3CCE-05D1-4CF1-9946-5AF953EC9477}.Debug|Android.Build.0 = Debug|Android
		{30BF3CCE-05D1-4CF1-9946-5AF953EC9477}.Debug|Android.Deploy.0 = Debug|Android
		{30BF3CCE-05D1-4CF1-9946-5AF953EC9477}.Debug|iOS.ActiveCfg = Debug|iOS
		{30BF3CCE-05D1-4CF1-9946-5AF953EC9477}.Debug|iOS.Build.0 = Debug|iOS
		{30BF3CCE-05D1-4CF1-9946-5AF953EC9477}.Debug|iOS.Deploy.0 = Debug|iOS
		{30BF3CCE-05D1-4CF1-9946-5AF953EC9477}.Debug|Windows Phone (Universal).ActiveCfg = Debug|Windows Phone (Universal)
		{30BF3CCE-05D1-4CF1-9946-5AF953EC9477}.Debug|Windows Phone (Universal).Build.0 = Debug|Windows Phone (Universal)
		{30BF3CCE-05D1-4CF1-9946-5AF953EC9477}.Debug|Windows Phone (Universal).Deploy.0 = Debug|Windows Phone (Universal)
		{30BF3CCE-05D1-4CF1-9946-5AF953EC9477}.Debug|Windows Phone 8.ActiveCfg = Debug|Windows Phone 8
		{30BF3CCE-05D1-4CF1-9946-5AF953EC9477}.Debug|Windows Phone 8.Build.0 = Debug|Windows Phone 8
		{30BF3CCE-05D1-4CF1-9946-5AF953EC9477}.Debug|Windows Phone 8.Deploy.0 = Debug|Windows Phone 8
		{30BF3CCE-05D1-4CF1-9946-5AF953EC9477}.Debug|Windows-AnyCPU.ActiveCfg = Debug|Windows-AnyCPU
		{30BF3CCE-05D1-4CF1-9946-5AF953EC9477}.Debug|Windows-AnyCPU.Build.0 = Debug|Windows-AnyCPU
		{30BF3CCE-05D1-4CF1-9946-5AF953EC9477}.Debug|Windows-AnyCPU.Deploy.0 = Debug|Windows-AnyCPU
		{30BF3CCE-05D1-4CF1-9946-5AF953EC9477}.Debug|Windows-ARM.ActiveCfg = Debug|Windows-ARM
		{30BF3CCE-05D1-4CF1-9946-5AF953EC9477}.Debug|Windows-ARM.Build.0 = Debug|Windows-ARM
		{30BF3CCE-05D1-4CF1-9946-5AF953EC9477}.Debug|Windows-ARM.Deploy.0 = Debug|Windows-ARM
		{30BF3CCE-05D1-4CF1-9946-5AF953EC9477}.Debug|Windows-x64.ActiveCfg = Debug|Windows-x64
		{30BF3CCE-05D1-4CF1-9946-5AF953EC9477}.Debug|Windows-x64.Build.0 = Debug|Windows-x64
		{30BF3CCE-05D1-4CF1-9946-5AF953EC9477}.Debug|Windows-x64.Deploy.0 = Debug|Windows-x64
		{30BF3CCE-05D1-4CF1-9946-5AF953EC9477}.Debug|Windows-x86.ActiveCfg = Debug|Windows-x86
		{30BF3CCE-05D1-4CF1-9946-5AF953EC9477}.Debug|Windows-x86.Build.0 = Debug|Windows-x86
		{30BF3CCE-05D1-4CF1-9946-5AF953EC9477}.Debug|Windows-x86.Deploy.0 = Debug|Windows-x86
		{30BF3CCE-05D1-4CF1-9946-5AF953EC9477}.Release|Android.ActiveCfg = Release|Android
		{30BF3CCE-05D1-4CF1-9946-5AF953EC9477}.Release|Android.Build.0 = Release|Android
		{30BF3CCE-05D1-4CF1-9946-5AF953EC9477}.Release|Android.Deploy.0 = Release|Android
		{30BF3CCE-05D1-4CF1-9946-5AF953EC9477}.Release|iOS.ActiveCfg = Release|iOS
		{30BF3CCE-05D1-4CF1-9946-5AF953EC9477}.Release|iOS.Build.0 = Release|iOS
		{30BF3CCE-05D1-4CF1-9946-5AF953EC9477}.Release|iOS.Deploy.0 = Release|iOS
		{30BF3CCE-05D1-4CF1-9946-5AF953EC9477}.Release|Windows Phone (Universal).ActiveCfg = Release|Windows Phone (Universal)
		{30BF3CCE-05D1-4CF1-9946-5AF953EC9477}.Release|Windows Phone (Universal).Build.0 = Release|Windows Phone (Universal)
		{30BF3CCE-05D1-4CF1-9946-5AF953EC9477}.Release|Windows Phone (Universal).Deploy.0 = Release|Windows Phone (Universal)
		{30BF3CCE-05D1-4CF1-9946-5AF953EC9477}.Release|Windows Phone 8.ActiveCfg = Release|Windows Phone 8
		{30BF3CCE-05D1-4CF1-9946-5AF953EC9477}.Release|Windows Phone 8.Build.0 = Release|Windows Phone 8
		{30BF3CCE-05D1-4CF1-9946-5AF953EC9477}.Release|Windows Phone 8.Deploy.0 = Release|Windows Phone 8
		{30BF3CCE-05D1-4CF1-9946-5AF953EC9477}.Release|Windows-AnyCPU.ActiveCfg = Release|Windows-AnyCPU
		{30BF3CCE-05D1-4CF1-9946-5AF953EC9477}.Release|Windows-AnyCPU.Build.0 = Release|Windows-AnyCPU
		{30BF3CCE-05D1-4CF1-9946-5AF953EC9477}.Release|Windows-AnyCPU.Deploy.0 = Release|Windows-AnyCPU
		{30BF3CCE-05D1-4CF1-9946-5AF953EC9477}.Release|Windows-ARM.ActiveCfg = Release|Windows-ARM
		{30BF3CCE-05D1-4CF1-9946-5AF953EC9477}.Release|Windows-ARM.Build.0 = Release|Windows-ARM
		{30BF3CCE-05D1-4CF1-9946-5AF953EC9477}.Release|Windows-ARM.Deploy.0 = Release|Windows-ARM
		{30BF3CCE-05D1-4CF1-9946-5AF953EC9477}.Release|Windows-x64.ActiveCfg = Release|Windows-x64
		{30BF3CCE-05D1-4CF1-9946-5AF953EC9477}.Release|Windows-x64.Build.0 = Release|Windows-x64
		{30BF3CCE-05D1-4CF1-9946-5AF953EC9477}.Release|Windows-x64.Deploy.0 = Release|Windows-x64
		{30BF3CCE-05D1-4CF1-9946-5AF953EC9477}.Release|Windows-x86.ActiveCfg = Release|Windows-x86
		{30BF3CCE-05D1-4CF1-9946-5AF953EC9477}.Release|Windows-x86.Build.0 = Release|Windows-x86
		{30BF3CCE-05D1-4CF1-9946-5AF953EC9477}.Release|Windows-x86.Deploy.0 = Release|Windows-x86
		{A1D99F83-5803-402A-9604-9B1B93C05048}.Debug|Android.ActiveCfg = Debug|Android
		{A1D99F83-5803-402A-9604-9B1B93C05048}.Debug|Android.Build.0 = Debug|Android
		{A1D99F83-5803-402A-9604-9B1B93C05048}.Debug|Android.Deploy.0 = Debug|Android
		{A1D99F83-5803-402A-9604-9B1B93C05048}.Debug|iOS.ActiveCfg = Debug|iOS
		{A1D99F83-5803-402A-9604-9B1B93C05048}.Debug|iOS.Build.0 = Debug|iOS
		{A1D99F83-5803-402A-9604-9B1B93C05048}.Debug|iOS.Deploy.0 = Debug|iOS
		{A1D99F83-5803-402A-9604-9B1B93C05048}.Debug|Windows Phone (Universal).ActiveCfg = Debug|Windows Phone (Universal)
		{A1D99F83-5803-402A-9604-9B1B93C05048}.Debug|Windows Phone (Universal).Build.0 = Debug|Windows Phone (Universal)
		{A1D99F83-5803-402A-9604-9B1B93C05048}.Debug|Windows Phone (Universal).Deploy.0 = Debug|Windows Phone (Universal)
		{A1D99F83-5803-402A-9604-9B1B93C05048}.Debug|Windows Phone 8.ActiveCfg = Debug|Windows Phone 8
		{A1D99F83-5803-402A-9604-9B1B93C05048}.Debug|Windows Phone 8.Build.0 = Debug|Windows Phone 8
		{A1D99F83-5803-402A-9604-9B1B93C05048}.Debug|Windows Phone 8.Deploy.0 = Debug|Windows Phone 8
		{A1D99F83-5803-402A-9604-9B1B93C05048}.Debug|Windows-AnyCPU.ActiveCfg = Debug|Windows-AnyCPU
		{A1D99F83-5803-402A-9604-9B1B93C05048}.Debug|Windows-AnyCPU.Build.0 = Debug|Windows-AnyCPU
		{A1D99F83-5803-402A-9604-9B1B93C05048}.Debug|Windows-AnyCPU.Deploy.0 = Debug|Windows-AnyCPU
		{A1D99F83-5803-402A-9604-9B1B93C05048}.Debug|Windows-ARM.ActiveCfg = Debug|Windows-ARM
		{A1D99F83-5803-402A-9604-9B1B93C05048}.Debug|Windows-ARM.Build.0 = Debug|Windows-ARM
		{A1D99F83-5803-402A-9604-9B1B93C05048}.Debug|Windows-ARM.Deploy.0 = Debug|Windows-ARM
		{A1D99F83-5803-402A-9604-9B1B93C05048}.Debug|Windows-x64.ActiveCfg = Debug|Windows-x64
		{A1D99F83-5803-402A-9604-9B1B93C05048}.Debug|Windows-x64.Build.0 = Debug|Windows-x64
		{A1D99F83-5803-402A-9604-9B1B93C05048}.Debug|Windows-x64.Deploy.0 = Debug|Windows-x64
		{A1D99F83-5803-402A-9604-9B1B93C05048}.Debug|Windows-x86.ActiveCfg = Debug|Windows-x86
		{A1D99F83-5803-402A-9604-9B1B93C05048}.Debug|Windows-x86.Build.0 = Debug|Windows-x86
		{A1D99F83-5803-402A-9604-9B1B93C05048}.Debug|Windows-x86.Deploy.0 = Debug|Windows-x86
		{A1D99F83-5803-402A-9604-9B1B93C05048}.Release|Android.ActiveCfg = Release|Android
		{A1D99F83-5803-402A-9604-9B1B93C05048}.Release|Android.Build.0 = Release|Android
		{A1D99F83-5803-402A-9604-9B1B93C05048}.Release|Android.Deploy.0 = Release|Android
		{A1D99F83-5803-402A-9604-9B1B93C05048}.Release|iOS.ActiveCfg = Release|iOS
		{A1D99F83-5803-402A-9604-9B1B93C05048}.Release|iOS.Build.0 = Release|iOS
		{A1D99F83-5803-402A-9604-9B1B93C05048}.Release|iOS.Deploy.0 = Release|iOS
		{A1D99F83-5803-402A-9604-9B1B93C05048}.Release|Windows Phone (Universal).ActiveCfg = Release|Windows Phone (Universal)
		{A1D99F83-5803-402A-9604-9B1B93C05048}.Release|Windows Phone (Universal).Build.0 = Release|Windows Phone (Universal)
		{A1D99F83-5803-402A-9604-9B1B93C05048}.Release|Windows Phone (Universal).Deploy.0 = Release|Windows Phone (Universal)
		{A1D99F83-5803-402A-9604-9B1B93C05048}.Release|Windows Phone 8.ActiveCfg = Release|Windows Phone 8
		{A1D99F83-5803-402A-9604-9B1B93C05048}.Release|Windows Phone 8.Build.0 = Release|Windows Phone 8
		{A1D99F83-5803-402A-9604-9B1B93C05048}.Release|Windows Phone 8.Deploy.0 = Release|Windows Phone 8
		{A1D99F83-5803-402A-9604-9B1B93C05048}.Release|Windows-AnyCPU.ActiveCfg = Release|Windows-AnyCPU
		{A1D99F83-5803-402A-9604-9B1B93C05048}.Release|Windows-AnyCPU.Build.0 = Release|Windows-AnyCPU
		{A1D99F83-5803-402A-9604-9B1B93C05048}.Release|Windows-AnyCPU.Deploy.0 = Release|Windows-AnyCPU
		{A1D99F83-5803-402A-9604-9B1B93C05048}.Release|Windows-ARM.ActiveCfg = Release|Windows-ARM
		{A1D99F83-5803-402A-9604-9B1B93C05048}.Release|Windows-ARM.Build.0 = Release|Windows-ARM
		{A1D99F83-5803-402A-9604-9B1B93C05048}.Release|Windows-ARM.Deploy.0 = Release|Windows-ARM
		{A1D99F83-5803-402A-9604-9B1B93C05048}.Release|Windows-x64.ActiveCfg = Release|Windows-x64
		{A1D99F83-5803-402A-9604-9B1B93C05048}.Release|Windows-x64.Build.0 = Release|Windows-x64
		{A1D99F83-5803-402A-9604-9B1B93C05048}.Release|Windows-x64.Deploy.0 = Release|Windows-x64
		{A1D99F83-5803-402A-9604-9B1B93C05048}.Release|Windows-x86.ActiveCfg = Release|Windows-x86
		{A1D99F83-5803-402A-9604-9B1B93C05048}.Release|Windows-x86.Build.0 = Release|Windows-x86
		{A1D99F83-5803-402A-9604-9B1B93C05048}.Release|Windows-x86.Deploy.0 = Release|Windows-x86
		{A0F0DD94-D932-4F14-9CA3-A5503B63E4D7}.Debug|Android.ActiveCfg = Debug|Android
		{A0F0DD94-D932-4F14-9CA3-A5503B63E4D7}.Debug|Android.Build.0 = Debug|Android
		{A0F0DD94-D932-4F14-9CA3-A5503B63E4D7}.Debug|Android.Deploy.0 = Debug|Android
		{A0F0DD94-D932-4F14-9CA3-A5503B63E4D7}.Debug|iOS.ActiveCfg = Debug|iOS
		{A0F0DD94-D932-4F14-9CA3-A5503B63E4D7}.Debug|iOS.Build.0 = Debug|iOS
		{A0F0DD94-D932-4F14-9CA3-A5503B63E4D7}.Debug|iOS.Deploy.0 = Debug|iOS
		{A0F0DD94-D932-4F14-9CA3-A5503B63E4D7}.Debug|Windows Phone (Universal).ActiveCfg = Debug|Windows Phone (Universal)
		{A0F0DD94-D932-4F14-9CA3-A5503B63E4D7}.Debug|Windows Phone (Universal).Build.0 = Debug|Windows Phone (Universal)
		{A0F0DD94-D932-4F14-9CA3-A5503B63E4D7}.Debug|Windows Phone (Universal).Deploy.0 = Debug|Windows Phone (Universal)
		{A0F0DD94-D932-4F14-9CA3-A5503B63E4D7}.Debug|Windows Phone 8.ActiveCfg = Debug|Windows Phone 8
		{A0F0DD94-D932-4F14-9CA3-A5503B63E4D7}.Debug|Windows Phone 8.Build.0 = Debug|Windows Phone 8
		{A0F0DD94-D932-4F14-9CA3-A5503B63E4D7}.Debug|Windows Phone 8.Deploy.0 = Debug|Windows Phone 8
		{A0F0DD94-D932-4F14-9CA3-A5503B63E4D7}.Debug|Windows-AnyCPU.ActiveCfg = Debug|Windows-AnyCPU
		{A0F0DD94-D932-4F14-9CA3-A5503B63E4D7}.Debug|Windows-AnyCPU.Build.0 = Debug|Windows-AnyCPU
		{A0F0DD94-D932-4F14-9CA3-A5503B63E4D7}.Debug|Windows-AnyCPU.Deploy.0 = Debug|Windows-AnyCPU
		{A0F0DD94-D932-4F14-9CA3-A5503B63E4D7}.Debug|Windows-ARM.ActiveCfg = Debug|Windows-ARM
		{A0F0DD94-D932-4F14-9CA3-A5503B63E4D7}.Debug|Windows-ARM.Build.0 = Debug|Windows-ARM
		{A0F0DD94-D932-4F14-9CA3-A5503B63E4D7}.Debug|Windows-ARM.Deploy.0 = Debug|Windows-ARM
		{A0F0DD94-D932-4F14-9CA3-A5503B63E4D7}.Debug|Windows-x64.ActiveCfg = Debug|Windows-x64
		{A0F0DD94-D932-4F14-9CA3-A5503B63E4D7}.Debug|Windows-x64.Build.0 = Debug|Windows-x64
		{A0F0DD94-D932-4F14-9CA3-A5503B63E4D7}.Debug|Windows-x64.Deploy.0 = Debug|Windows-x64
		{A0F0DD94-D932-4F14-9CA3-A5503B63E4D7}.Debug|Windows-x86.ActiveCfg = Debug|Windows-x86
		{A0F0DD94-D932-4F14-9CA3-A5503B63E4D7}.Debug|Windows-x86.Build.0 = Debug|Windows-x86
		{A0F0DD94-D932-4F14-9CA3-A5503B63E4D7}.Debug|Windows-x86.Deploy.0 = Debug|Windows-x86
		{A0F0DD94-D932-4F14-9CA3-A5503B63E4D7}.Release|Android.ActiveCfg = Release|Android
		{A0F0DD94-D932-4F14-9CA3-A5503B63E4D7}.Release|Android.Build.0 = Release|Android
		{A0F0DD94-D932-4F14-9CA3-A5503B63E4D7}.Release|Android.Deploy.0 = Release|Android
		{A0F0DD94-D932-4F14-9CA3-A5503B63E4D7}.Release|iOS.ActiveCfg = Release|iOS
		{A0F0DD94-D932-4F14-9CA3-A5503B63E4D7}.Release|iOS.Build.0 = Release|iOS
		{A0F0DD94-D932-4F14-9CA3-A5503B63E4D7}.Release|iOS.Deploy.0 = Release|iOS
		{A0F0DD94-D932-4F14-9CA3-A5503B63E4D7}.Release|Windows Phone (Universal).ActiveCfg = Release|Windows Phone (Universal)
		{A0F0DD94-D932-4F14-9CA3-A5503B63E4D7}.Release|Windows Phone (Universal).Build.0 = Release|Windows Phone (Universal)
		{A0F0DD94-D932-4F14-9CA3-A5503B63E4D7}.Release|Windows Phone (Universal).Deploy.0 = Release|Windows Phone (Universal)
		{A0F0DD94-D932-4F14-9CA3-A5503B63E4D7}.Release|Windows Phone 8.ActiveCfg = Release|Windows Phone 8
		{A0F0DD94-D932-4F14-9CA3-A5503B63E4D7}.Release|Windows Phone 8.Build.0 = Release|Windows Phone 8
		{A0F0DD94-D932-4F14-9CA3-A5503B63E4D7}.Release|Windows Phone 8.Deploy.0 = Release|Windows Phone 8
		{A0F0DD94-D932-4F14-9CA3-A5503B63E4D7}.Release|Windows-AnyCPU.ActiveCfg = Release|Windows-AnyCPU
		{A0F0DD94-D932-4F14-9CA3-A5503B63E4D7}.Release|Windows-AnyCPU.Build.0 = Release|Windows-AnyCPU
		{A0F0DD94-D932-4F14-9CA3-A5503B63E4D7}.Release|Windows-AnyCPU.Deploy.0 = Release|Windows-AnyCPU
		{A0F0DD94-D932-4F14-9CA3-A5503B63E4D7}.Release|Windows-ARM.ActiveCfg = Release|Windows-ARM
		{A0F0DD94-D932-4F14-9CA3-A5503B63E4D7}.Release|Windows-ARM.Build.0 = Release|Windows-ARM
		{A0F0DD94-D932-4F14-9CA3-A5503B63E4D7}.Release|Windows-ARM.Deploy.0 = Release|Windows-ARM
		{A0F0DD94-D932-4F14-9CA3-A5503B63E4D7}.Release|Windows-x64.ActiveCfg = Release|Windows-x64
		{A0F0DD94-D932-4F14-9CA3-A5503B63E4D7}.Release|Windows-x64.Build.0 = Release|Windows-x64
		{A0F0DD94-D932-4F14-9CA3-A5503B63E4D7}.Release|Windows-x64.Deploy.0 = Release|Windows-x64
		{A0F0DD94-D932-4F14-9CA3-A5503B63E4D7}.Release|Windows-x86.ActiveCfg = Release|Windows-x86
		{A0F0DD94-D932-4F14-9CA3-A5503B63E4D7}.Release|Windows-x86.Build.0 = Release|Windows-x86
		{A0F0DD94-D932-4F14-9CA3-A5503B63E4D7}.Release|Windows-x86.Deploy.0 = Release|Windows-x86
	EndGlobalSection
	GlobalSection(SolutionProperties) = preSolution
		HideSolutionNode = FALSE
	EndGlobalSection
EndGlobal
