
Microsoft Visual Studio Solution File, Format Version 12.00
# Visual Studio 14
VisualStudioVersion = 14.0.24720.0
MinimumVisualStudioVersion = 10.0.40219.1
Project("{262852C6-CD72-467D-83FE-5EEB1973A190}") = "BasicSample", "BasicSample\BasicSample.jsproj", "{30BF3CCE-05D1-4CF1-9946-5AF953EC9477}"
EndProject
Project("{262852C6-CD72-467D-83FE-5EEB1973A190}") = "AngularSample", "AngularSample\AngularSample.jsproj", "{1B92468B-CA89-4B60-867E-72438E45A83C}"
EndProject
Project("{262852C6-CD72-467D-83FE-5EEB1973A190}") = "AngularServices", "AngularResources\AngularServices.jsproj", "{1A77B37B-97B0-47CA-8C92-ABCD4A312D54}"
EndProject
Global
	GlobalSection(SolutionConfigurationPlatforms) = preSolution
		Debug|Android = Debug|Android
		Debug|iOS = Debug|iOS
		Debug|Windows Phone (Universal) = Debug|Windows Phone (Universal)
		Debug|Windows Phone 8 = Debug|Windows Phone 8
		Debug|Windows-AnyCPU = Debug|Windows-AnyCPU
		Debug|Windows-ARM = Debug|Windows-ARM
		Debug|Windows-x64 = Debug|Windows-x64
		Debug|Windows-x86 = Debug|Windows-x86
		Release|Android = Release|Android
		Release|iOS = Release|iOS
		Release|Windows Phone (Universal) = Release|Windows Phone (Universal)
		Release|Windows Phone 8 = Release|Windows Phone 8
		Release|Windows-AnyCPU = Release|Windows-AnyCPU
		Release|Windows-ARM = Release|Windows-ARM
		Release|Windows-x64 = Release|Windows-x64
		Release|Windows-x86 = Release|Windows-x86
	EndGlobalSection
	GlobalSection(ProjectConfigurationPlatforms) = postSolution
		{30BF3CCE-05D1-4CF1-9946-5AF953EC9477}.Debug|Android.ActiveCfg = Debug|Android
		{30BF3CCE-05D1-4CF1-9946-5AF953EC9477}.Debug|Android.Build.0 = Debug|Android
		{30BF3CCE-05D1-4CF1-9946-5AF953EC9477}.Debug|Android.Deploy.0 = Debug|Android
		{30BF3CCE-05D1-4CF1-9946-5AF953EC9477}.Debug|iOS.ActiveCfg = Debug|iOS
		{30BF3CCE-05D1-4CF1-9946-5AF953EC9477}.Debug|iOS.Build.0 = Debug|iOS
		{30BF3CCE-05D1-4CF1-9946-5AF953EC9477}.Debug|iOS.Deploy.0 = Debug|iOS
		{30BF3CCE-05D1-4CF1-9946-5AF953EC9477}.Debug|Windows Phone (Universal).ActiveCfg = Debug|Windows Phone (Universal)
		{30BF3CCE-05D1-4CF1-9946-5AF953EC9477}.Debug|Windows Phone (Universal).Build.0 = Debug|Windows Phone (Universal)
		{30BF3CCE-05D1-4CF1-9946-5AF953EC9477}.Debug|Windows Phone (Universal).Deploy.0 = Debug|Windows Phone (Universal)
		{30BF3CCE-05D1-4CF1-9946-5AF953EC9477}.Debug|Windows Phone 8.ActiveCfg = Debug|Windows Phone 8
		{30BF3CCE-05D1-4CF1-9946-5AF953EC9477}.Debug|Windows Phone 8.Build.0 = Debug|Windows Phone 8
		{30BF3CCE-05D1-4CF1-9946-5AF953EC9477}.Debug|Windows Phone 8.Deploy.0 = Debug|Windows Phone 8
		{30BF3CCE-05D1-4CF1-9946-5AF953EC9477}.Debug|Windows-AnyCPU.ActiveCfg = Debug|Windows-AnyCPU
		{30BF3CCE-05D1-4CF1-9946-5AF953EC9477}.Debug|Windows-AnyCPU.Build.0 = Debug|Windows-AnyCPU
		{30BF3CCE-05D1-4CF1-9946-5AF953EC9477}.Debug|Windows-AnyCPU.Deploy.0 = Debug|Windows-AnyCPU
		{30BF3CCE-05D1-4CF1-9946-5AF953EC9477}.Debug|Windows-ARM.ActiveCfg = Debug|Windows-ARM
		{30BF3CCE-05D1-4CF1-9946-5AF953EC9477}.Debug|Windows-ARM.Build.0 = Debug|Windows-ARM
		{30BF3CCE-05D1-4CF1-9946-5AF953EC9477}.Debug|Windows-ARM.Deploy.0 = Debug|Windows-ARM
		{30BF3CCE-05D1-4CF1-9946-5AF953EC9477}.Debug|Windows-x64.ActiveCfg = Debug|Windows-x64
		{30BF3CCE-05D1-4CF1-9946-5AF953EC9477}.Debug|Windows-x64.Build.0 = Debug|Windows-x64
		{30BF3CCE-05D1-4CF1-9946-5AF953EC9477}.Debug|Windows-x64.Deploy.0 = Debug|Windows-x64
		{30BF3CCE-05D1-4CF1-9946-5AF953EC9477}.Debug|Windows-x86.ActiveCfg = Debug|Windows-x86
		{30BF3CCE-05D1-4CF1-9946-5AF953EC9477}.Debug|Windows-x86.Build.0 = Debug|Windows-x86
		{30BF3CCE-05D1-4CF1-9946-5AF953EC9477}.Debug|Windows-x86.Deploy.0 = Debug|Windows-x86
		{30BF3CCE-05D1-4CF1-9946-5AF953EC9477}.Release|Android.ActiveCfg = Release|Android
		{30BF3CCE-05D1-4CF1-9946-5AF953EC9477}.Release|Android.Build.0 = Release|Android
		{30BF3CCE-05D1-4CF1-9946-5AF953EC9477}.Release|Android.Deploy.0 = Release|Android
		{30BF3CCE-05D1-4CF1-9946-5AF953EC9477}.Release|iOS.ActiveCfg = Release|iOS
		{30BF3CCE-05D1-4CF1-9946-5AF953EC9477}.Release|iOS.Build.0 = Release|iOS
		{30BF3CCE-05D1-4CF1-9946-5AF953EC9477}.Release|iOS.Deploy.0 = Release|iOS
		{30BF3CCE-05D1-4CF1-9946-5AF953EC9477}.Release|Windows Phone (Universal).ActiveCfg = Release|Windows Phone (Universal)
		{30BF3CCE-05D1-4CF1-9946-5AF953EC9477}.Release|Windows Phone (Universal).Build.0 = Release|Windows Phone (Universal)
		{30BF3CCE-05D1-4CF1-9946-5AF953EC9477}.Release|Windows Phone (Universal).Deploy.0 = Release|Windows Phone (Universal)
		{30BF3CCE-05D1-4CF1-9946-5AF953EC9477}.Release|Windows Phone 8.ActiveCfg = Release|Windows Phone 8
		{30BF3CCE-05D1-4CF1-9946-5AF953EC9477}.Release|Windows Phone 8.Build.0 = Release|Windows Phone 8
		{30BF3CCE-05D1-4CF1-9946-5AF953EC9477}.Release|Windows Phone 8.Deploy.0 = Release|Windows Phone 8
		{30BF3CCE-05D1-4CF1-9946-5AF953EC9477}.Release|Windows-AnyCPU.ActiveCfg = Release|Windows-AnyCPU
		{30BF3CCE-05D1-4CF1-9946-5AF953EC9477}.Release|Windows-AnyCPU.Build.0 = Release|Windows-AnyCPU
		{30BF3CCE-05D1-4CF1-9946-5AF953EC9477}.Release|Windows-AnyCPU.Deploy.0 = Release|Windows-AnyCPU
		{30BF3CCE-05D1-4CF1-9946-5AF953EC9477}.Release|Windows-ARM.ActiveCfg = Release|Windows-ARM
		{30BF3CCE-05D1-4CF1-9946-5AF953EC9477}.Release|Windows-ARM.Build.0 = Release|Windows-ARM
		{30BF3CCE-05D1-4CF1-9946-5AF953EC9477}.Release|Windows-ARM.Deploy.0 = Release|Windows-ARM
		{30BF3CCE-05D1-4CF1-9946-5AF953EC9477}.Release|Windows-x64.ActiveCfg = Release|Windows-x64
		{30BF3CCE-05D1-4CF1-9946-5AF953EC9477}.Release|Windows-x64.Build.0 = Release|Windows-x64
		{30BF3CCE-05D1-4CF1-9946-5AF953EC9477}.Release|Windows-x64.Deploy.0 = Release|Windows-x64
		{30BF3CCE-05D1-4CF1-9946-5AF953EC9477}.Release|Windows-x86.ActiveCfg = Release|Windows-x86
		{30BF3CCE-05D1-4CF1-9946-5AF953EC9477}.Release|Windows-x86.Build.0 = Release|Windows-x86
		{30BF3CCE-05D1-4CF1-9946-5AF953EC9477}.Release|Windows-x86.Deploy.0 = Release|Windows-x86
		{1B92468B-CA89-4B60-867E-72438E45A83C}.Debug|Android.ActiveCfg = Debug|Android
		{1B92468B-CA89-4B60-867E-72438E45A83C}.Debug|Android.Build.0 = Debug|Android
		{1B92468B-CA89-4B60-867E-72438E45A83C}.Debug|Android.Deploy.0 = Debug|Android
		{1B92468B-CA89-4B60-867E-72438E45A83C}.Debug|iOS.ActiveCfg = Debug|iOS
		{1B92468B-CA89-4B60-867E-72438E45A83C}.Debug|iOS.Build.0 = Debug|iOS
		{1B92468B-CA89-4B60-867E-72438E45A83C}.Debug|iOS.Deploy.0 = Debug|iOS
		{1B92468B-CA89-4B60-867E-72438E45A83C}.Debug|Windows Phone (Universal).ActiveCfg = Debug|Windows Phone (Universal)
		{1B92468B-CA89-4B60-867E-72438E45A83C}.Debug|Windows Phone (Universal).Build.0 = Debug|Windows Phone (Universal)
		{1B92468B-CA89-4B60-867E-72438E45A83C}.Debug|Windows Phone (Universal).Deploy.0 = Debug|Windows Phone (Universal)
		{1B92468B-CA89-4B60-867E-72438E45A83C}.Debug|Windows Phone 8.ActiveCfg = Debug|Windows Phone 8
		{1B92468B-CA89-4B60-867E-72438E45A83C}.Debug|Windows Phone 8.Build.0 = Debug|Windows Phone 8
		{1B92468B-CA89-4B60-867E-72438E45A83C}.Debug|Windows Phone 8.Deploy.0 = Debug|Windows Phone 8
		{1B92468B-CA89-4B60-867E-72438E45A83C}.Debug|Windows-AnyCPU.ActiveCfg = Debug|Windows-AnyCPU
		{1B92468B-CA89-4B60-867E-72438E45A83C}.Debug|Windows-AnyCPU.Build.0 = Debug|Windows-AnyCPU
		{1B92468B-CA89-4B60-867E-72438E45A83C}.Debug|Windows-AnyCPU.Deploy.0 = Debug|Windows-AnyCPU
		{1B92468B-CA89-4B60-867E-72438E45A83C}.Debug|Windows-ARM.ActiveCfg = Debug|Windows-ARM
		{1B92468B-CA89-4B60-867E-72438E45A83C}.Debug|Windows-ARM.Build.0 = Debug|Windows-ARM
		{1B92468B-CA89-4B60-867E-72438E45A83C}.Debug|Windows-ARM.Deploy.0 = Debug|Windows-ARM
		{1B92468B-CA89-4B60-867E-72438E45A83C}.Debug|Windows-x64.ActiveCfg = Debug|Windows-x64
		{1B92468B-CA89-4B60-867E-72438E45A83C}.Debug|Windows-x64.Build.0 = Debug|Windows-x64
		{1B92468B-CA89-4B60-867E-72438E45A83C}.Debug|Windows-x64.Deploy.0 = Debug|Windows-x64
		{1B92468B-CA89-4B60-867E-72438E45A83C}.Debug|Windows-x86.ActiveCfg = Debug|Windows-x86
		{1B92468B-CA89-4B60-867E-72438E45A83C}.Debug|Windows-x86.Build.0 = Debug|Windows-x86
		{1B92468B-CA89-4B60-867E-72438E45A83C}.Debug|Windows-x86.Deploy.0 = Debug|Windows-x86
		{1B92468B-CA89-4B60-867E-72438E45A83C}.Release|Android.ActiveCfg = Release|Android
		{1B92468B-CA89-4B60-867E-72438E45A83C}.Release|Android.Build.0 = Release|Android
		{1B92468B-CA89-4B60-867E-72438E45A83C}.Release|Android.Deploy.0 = Release|Android
		{1B92468B-CA89-4B60-867E-72438E45A83C}.Release|iOS.ActiveCfg = Release|iOS
		{1B92468B-CA89-4B60-867E-72438E45A83C}.Release|iOS.Build.0 = Release|iOS
		{1B92468B-CA89-4B60-867E-72438E45A83C}.Release|iOS.Deploy.0 = Release|iOS
		{1B92468B-CA89-4B60-867E-72438E45A83C}.Release|Windows Phone (Universal).ActiveCfg = Release|Windows Phone (Universal)
		{1B92468B-CA89-4B60-867E-72438E45A83C}.Release|Windows Phone (Universal).Build.0 = Release|Windows Phone (Universal)
		{1B92468B-CA89-4B60-867E-72438E45A83C}.Release|Windows Phone (Universal).Deploy.0 = Release|Windows Phone (Universal)
		{1B92468B-CA89-4B60-867E-72438E45A83C}.Release|Windows Phone 8.ActiveCfg = Release|Windows Phone 8
		{1B92468B-CA89-4B60-867E-72438E45A83C}.Release|Windows Phone 8.Build.0 = Release|Windows Phone 8
		{1B92468B-CA89-4B60-867E-72438E45A83C}.Release|Windows Phone 8.Deploy.0 = Release|Windows Phone 8
		{1B92468B-CA89-4B60-867E-72438E45A83C}.Release|Windows-AnyCPU.ActiveCfg = Release|Windows-AnyCPU
		{1B92468B-CA89-4B60-867E-72438E45A83C}.Release|Windows-AnyCPU.Build.0 = Release|Windows-AnyCPU
		{1B92468B-CA89-4B60-867E-72438E45A83C}.Release|Windows-AnyCPU.Deploy.0 = Release|Windows-AnyCPU
		{1B92468B-CA89-4B60-867E-72438E45A83C}.Release|Windows-ARM.ActiveCfg = Release|Windows-ARM
		{1B92468B-CA89-4B60-867E-72438E45A83C}.Release|Windows-ARM.Build.0 = Release|Windows-ARM
		{1B92468B-CA89-4B60-867E-72438E45A83C}.Release|Windows-ARM.Deploy.0 = Release|Windows-ARM
		{1B92468B-CA89-4B60-867E-72438E45A83C}.Release|Windows-x64.ActiveCfg = Release|Windows-x64
		{1B92468B-CA89-4B60-867E-72438E45A83C}.Release|Windows-x64.Build.0 = Release|Windows-x64
		{1B92468B-CA89-4B60-867E-72438E45A83C}.Release|Windows-x64.Deploy.0 = Release|Windows-x64
		{1B92468B-CA89-4B60-867E-72438E45A83C}.Release|Windows-x86.ActiveCfg = Release|Windows-x86
		{1B92468B-CA89-4B60-867E-72438E45A83C}.Release|Windows-x86.Build.0 = Release|Windows-x86
		{1B92468B-CA89-4B60-867E-72438E45A83C}.Release|Windows-x86.Deploy.0 = Release|Windows-x86
		{1A77B37B-97B0-47CA-8C92-ABCD4A312D54}.Debug|Android.ActiveCfg = Debug|Android
		{1A77B37B-97B0-47CA-8C92-ABCD4A312D54}.Debug|Android.Build.0 = Debug|Android
		{1A77B37B-97B0-47CA-8C92-ABCD4A312D54}.Debug|Android.Deploy.0 = Debug|Android
		{1A77B37B-97B0-47CA-8C92-ABCD4A312D54}.Debug|iOS.ActiveCfg = Debug|iOS
		{1A77B37B-97B0-47CA-8C92-ABCD4A312D54}.Debug|iOS.Build.0 = Debug|iOS
		{1A77B37B-97B0-47CA-8C92-ABCD4A312D54}.Debug|iOS.Deploy.0 = Debug|iOS
		{1A77B37B-97B0-47CA-8C92-ABCD4A312D54}.Debug|Windows Phone (Universal).ActiveCfg = Debug|Windows Phone (Universal)
		{1A77B37B-97B0-47CA-8C92-ABCD4A312D54}.Debug|Windows Phone (Universal).Build.0 = Debug|Windows Phone (Universal)
		{1A77B37B-97B0-47CA-8C92-ABCD4A312D54}.Debug|Windows Phone (Universal).Deploy.0 = Debug|Windows Phone (Universal)
		{1A77B37B-97B0-47CA-8C92-ABCD4A312D54}.Debug|Windows Phone 8.ActiveCfg = Debug|Windows Phone 8
		{1A77B37B-97B0-47CA-8C92-ABCD4A312D54}.Debug|Windows Phone 8.Build.0 = Debug|Windows Phone 8
		{1A77B37B-97B0-47CA-8C92-ABCD4A312D54}.Debug|Windows Phone 8.Deploy.0 = Debug|Windows Phone 8
		{1A77B37B-97B0-47CA-8C92-ABCD4A312D54}.Debug|Windows-AnyCPU.ActiveCfg = Debug|Windows-AnyCPU
		{1A77B37B-97B0-47CA-8C92-ABCD4A312D54}.Debug|Windows-AnyCPU.Build.0 = Debug|Windows-AnyCPU
		{1A77B37B-97B0-47CA-8C92-ABCD4A312D54}.Debug|Windows-AnyCPU.Deploy.0 = Debug|Windows-AnyCPU
		{1A77B37B-97B0-47CA-8C92-ABCD4A312D54}.Debug|Windows-ARM.ActiveCfg = Debug|Windows-ARM
		{1A77B37B-97B0-47CA-8C92-ABCD4A312D54}.Debug|Windows-ARM.Build.0 = Debug|Windows-ARM
		{1A77B37B-97B0-47CA-8C92-ABCD4A312D54}.Debug|Windows-ARM.Deploy.0 = Debug|Windows-ARM
		{1A77B37B-97B0-47CA-8C92-ABCD4A312D54}.Debug|Windows-x64.ActiveCfg = Debug|Windows-x64
		{1A77B37B-97B0-47CA-8C92-ABCD4A312D54}.Debug|Windows-x64.Build.0 = Debug|Windows-x64
		{1A77B37B-97B0-47CA-8C92-ABCD4A312D54}.Debug|Windows-x64.Deploy.0 = Debug|Windows-x64
		{1A77B37B-97B0-47CA-8C92-ABCD4A312D54}.Debug|Windows-x86.ActiveCfg = Debug|Windows-x86
		{1A77B37B-97B0-47CA-8C92-ABCD4A312D54}.Debug|Windows-x86.Build.0 = Debug|Windows-x86
		{1A77B37B-97B0-47CA-8C92-ABCD4A312D54}.Debug|Windows-x86.Deploy.0 = Debug|Windows-x86
		{1A77B37B-97B0-47CA-8C92-ABCD4A312D54}.Release|Android.ActiveCfg = Release|Android
		{1A77B37B-97B0-47CA-8C92-ABCD4A312D54}.Release|Android.Build.0 = Release|Android
		{1A77B37B-97B0-47CA-8C92-ABCD4A312D54}.Release|Android.Deploy.0 = Release|Android
		{1A77B37B-97B0-47CA-8C92-ABCD4A312D54}.Release|iOS.ActiveCfg = Release|iOS
		{1A77B37B-97B0-47CA-8C92-ABCD4A312D54}.Release|iOS.Build.0 = Release|iOS
		{1A77B37B-97B0-47CA-8C92-ABCD4A312D54}.Release|iOS.Deploy.0 = Release|iOS
		{1A77B37B-97B0-47CA-8C92-ABCD4A312D54}.Release|Windows Phone (Universal).ActiveCfg = Release|Windows Phone (Universal)
		{1A77B37B-97B0-47CA-8C92-ABCD4A312D54}.Release|Windows Phone (Universal).Build.0 = Release|Windows Phone (Universal)
		{1A77B37B-97B0-47CA-8C92-ABCD4A312D54}.Release|Windows Phone (Universal).Deploy.0 = Release|Windows Phone (Universal)
		{1A77B37B-97B0-47CA-8C92-ABCD4A312D54}.Release|Windows Phone 8.ActiveCfg = Release|Windows Phone 8
		{1A77B37B-97B0-47CA-8C92-ABCD4A312D54}.Release|Windows Phone 8.Build.0 = Release|Windows Phone 8
		{1A77B37B-97B0-47CA-8C92-ABCD4A312D54}.Release|Windows Phone 8.Deploy.0 = Release|Windows Phone 8
		{1A77B37B-97B0-47CA-8C92-ABCD4A312D54}.Release|Windows-AnyCPU.ActiveCfg = Release|Windows-AnyCPU
		{1A77B37B-97B0-47CA-8C92-ABCD4A312D54}.Release|Windows-AnyCPU.Build.0 = Release|Windows-AnyCPU
		{1A77B37B-97B0-47CA-8C92-ABCD4A312D54}.Release|Windows-AnyCPU.Deploy.0 = Release|Windows-AnyCPU
		{1A77B37B-97B0-47CA-8C92-ABCD4A312D54}.Release|Windows-ARM.ActiveCfg = Release|Windows-ARM
		{1A77B37B-97B0-47CA-8C92-ABCD4A312D54}.Release|Windows-ARM.Build.0 = Release|Windows-ARM
		{1A77B37B-97B0-47CA-8C92-ABCD4A312D54}.Release|Windows-ARM.Deploy.0 = Release|Windows-ARM
		{1A77B37B-97B0-47CA-8C92-ABCD4A312D54}.Release|Windows-x64.ActiveCfg = Release|Windows-x64
		{1A77B37B-97B0-47CA-8C92-ABCD4A312D54}.Release|Windows-x64.Build.0 = Release|Windows-x64
		{1A77B37B-97B0-47CA-8C92-ABCD4A312D54}.Release|Windows-x64.Deploy.0 = Release|Windows-x64
		{1A77B37B-97B0-47CA-8C92-ABCD4A312D54}.Release|Windows-x86.ActiveCfg = Release|Windows-x86
		{1A77B37B-97B0-47CA-8C92-ABCD4A312D54}.Release|Windows-x86.Build.0 = Release|Windows-x86
		{1A77B37B-97B0-47CA-8C92-ABCD4A312D54}.Release|Windows-x86.Deploy.0 = Release|Windows-x86
	EndGlobalSection
	GlobalSection(SolutionProperties) = preSolution
		HideSolutionNode = FALSE
	EndGlobalSection
EndGlobal
